# This file is automatically generated by Poetry 1.8.0
# It is not intended for manual editing.

[[package]]
name = "alembic"
version = "1.13.1"
description = "A database migration tool for SQLAlchemy."
optional = false
python-versions = ">=3.8"
files = []

[[package]]
name = "bcrypt"
version = "4.1.2"
description = "Modern password hashing for your software and your servers"
optional = false
python-versions = ">=3.7"
files = []

[[package]]
name = "fastapi"
version = "0.110.0"
description = "FastAPI framework, high performance, easy to learn, fast to code, ready for production"
optional = false
python-versions = ">=3.8"
files = []

[[package]]
name = "httpx"
version = "0.27.0"
description = "The next generation HTTP client."
optional = false
python-versions = ">=3.8"
files = []

[[package]]
name = "numpy"
version = "1.26.4"
description = "Fundamental package for array computing in Python"
optional = false
python-versions = ">=3.9"
files = []

[[package]]
name = "pandas"
version = "2.2.1"
description = "Powerful data structures for data analysis, time series, and statistics"
optional = false
python-versions = ">=3.9"
files = []

[[package]]
name = "passlib"
version = "1.7.4"
description = "comprehensive password hashing framework"
optional = false
python-versions = "*"
files = []

[[package]]
name = "prometheus-client"
version = "0.20.0"
description = "Python client for the Prometheus monitoring system"
optional = false
python-versions = ">=3.8"
files = []

[[package]]
name = "pydantic"
version = "2.6.4"
description = "Data validation using Python type hints"
optional = false
python-versions = ">=3.8"
files = []

[[package]]
name = "pydantic-settings"
version = "2.2.1"
description = "Settings management using Pydantic"
optional = false
python-versions = ">=3.8"
files = []

[[package]]
name = "pytest"
version = "8.1.1"
description = "pytest: simple powerful testing with Python"
optional = false
python-versions = ">=3.8"
files = []

[[package]]
name = "python-dateutil"
version = "2.9.0"
description = "Extensions to the standard Python datetime module"
optional = false
python-versions = "!=3.0.*,!=3.1.*,!=3.2.*,>=2.7"
files = []

[[package]]
name = "python-jose"
version = "3.3.0"
description = "JOSE implementation in Python"
optional = false
python-versions = "*"
files = []

[[package]]
name = "python-multipart"
version = "0.0.9"
description = "A streaming multipart parser for Python"
optional = false
python-versions = ">=3.8"
files = []

[[package]]
name = "scikit-learn"
version = "1.4.1.post1"
description = "A set of python modules for machine learning and data mining"
optional = false
python-versions = ">=3.9"
files = []

[[package]]
name = "scipy"
version = "1.12.0"
description = "SciPy: Scientific Library for Python"
optional = false
python-versions = ">=3.9"
files = []

[[package]]
name = "sqlalchemy"
version = "2.0.28"
description = "Database Abstraction Library"
optional = false
python-versions = ">=3.7"
files = []

[[package]]
name = "typing-extensions"
version = "4.10.0"
description = "Backported and Experimental Type Hints for Python 3.8+"
optional = false
python-versions = ">=3.8"
files = []

[[package]]
name = "uvicorn"
version = "0.28.0"
description = "The lightning-fast ASGI server."
optional = false
python-versions = ">=3.8"
files = []

[[package]]
name = "websockets"
version = "12.0"
description = "An implementation of the WebSocket Protocol (RFC 6455 & 7692)"
optional = false
python-versions = ">=3.8"
files = []

[metadata]
lock-version = "2.0"
python-versions = ">=3.11,<3.15"
content-hash = "4a123f890e7912bc780415a782b13c8e547214980a34b22c710d8a1ef903e12c"
